# This file is automatically @generated by Cargo.
# It is not intended for manual editing.
version = 3

[[package]]
name = "better_term"
version = "1.3.9"
source = "registry+https://github.com/rust-lang/crates.io-index"
checksum = "0ff07bc684b42352b911bdc9c84b8d45cb28adad71c11c8ec09c809fbe07b8c4"

[[package]]
name = "bytecrawl"
version = "0.1.0"
dependencies = [
 "better_term",
]
